
Microsoft Visual Studio Solution File, Format Version 12.00
# Visual Studio Version 17
VisualStudioVersion = 17.7.34221.43
MinimumVisualStudioVersion = 10.0.40219.1
Project("{FAE04EC0-301F-11D3-BF4B-00C04F79EFBC}") = "Parprogrammering 2 Virtual Pet", "Parprogrammering 2 Virtual Pet\Parprogrammering 2 Virtual Pet.csproj", "{368A83AE-F6F4-42DB-8035-8376EAC24DDD}"
EndProject
Global
	GlobalSection(SolutionConfigurationPlatforms) = preSolution
		Debug|Any CPU = Debug|Any CPU
		Release|Any CPU = Release|Any CPU
	EndGlobalSection
	GlobalSection(ProjectConfigurationPlatforms) = postSolution
		{368A83AE-F6F4-42DB-8035-8376EAC24DDD}.Debug|Any CPU.ActiveCfg = Debug|Any CPU
		{368A83AE-F6F4-42DB-8035-8376EAC24DDD}.Debug|Any CPU.Build.0 = Debug|Any CPU
		{368A83AE-F6F4-42DB-8035-8376EAC24DDD}.Release|Any CPU.ActiveCfg = Release|Any CPU
		{368A83AE-F6F4-42DB-8035-8376EAC24DDD}.Release|Any CPU.Build.0 = Release|Any CPU
	EndGlobalSection
	GlobalSection(SolutionProperties) = preSolution
		HideSolutionNode = FALSE
	EndGlobalSection
	GlobalSection(ExtensibilityGlobals) = postSolution
		SolutionGuid = {CFC43597-C78F-4110-8E5D-8A07815CD9BD}
	EndGlobalSection
EndGlobal
